
Microsoft Visual Studio Solution File, Format Version 12.00
# Visual Studio Version 17
VisualStudioVersion = 17.6.33712.159
MinimumVisualStudioVersion = 10.0.40219.1
Project("{9A19103F-16F7-4668-BE54-9A1E7A4F7556}") = "MVVM_Platform", "MVVM_Platform\MVVM_Platform.csproj", "{35BB3A82-BE16-4033-800F-59C6819A388A}"
EndProject
Project("{9A19103F-16F7-4668-BE54-9A1E7A4F7556}") = "PlatformViewModel", "PlatformViewModel\PlatformViewModel.csproj", "{199784F4-5B10-44E1-A7EF-48B92B58D5FB}"
EndProject
Project("{9A19103F-16F7-4668-BE54-9A1E7A4F7556}") = "PlatformModel", "PlatformModel\PlatformModel.csproj", "{C4B98CDE-654E-425C-ACCA-077CDFCEB4CF}"
EndProject
Project("{9A19103F-16F7-4668-BE54-9A1E7A4F7556}") = "PlatformView", "PlatformView\PlatformView.csproj", "{78D5902A-31AB-4C6C-B0F9-FBE305DEA2AC}"
EndProject
Project("{9A19103F-16F7-4668-BE54-9A1E7A4F7556}") = "Assets", "Assets\Assets.csproj", "{1AE6BBA2-AAEE-40AE-9D70-FD206A410909}"
EndProject
Project("{2150E333-8FDC-42A3-9474-1A3956D46DE8}") = "5.DAL", "5.DAL", "{E6050CF3-02DD-4C13-B6EB-EAED89DCBBC1}"
EndProject
Project("{2150E333-8FDC-42A3-9474-1A3956D46DE8}") = "2.View", "2.View", "{87E82D3B-EC52-43A8-89E8-2DBAC055B35A}"
EndProject
Project("{2150E333-8FDC-42A3-9474-1A3956D46DE8}") = "3.ViewModels", "3.ViewModels", "{1B5C5F8A-5555-40D9-A92E-4CC334686647}"
EndProject
Project("{9A19103F-16F7-4668-BE54-9A1E7A4F7556}") = "DAL", "DAL\DAL.csproj", "{2397552F-2CA7-49C4-84D6-39AC56A4BF3D}"
EndProject
Project("{9A19103F-16F7-4668-BE54-9A1E7A4F7556}") = "IDAL", "IDAL\IDAL.csproj", "{57FC5F02-67AB-4DC7-AAC8-C2FDEB47D84E}"
EndProject
Project("{9A19103F-16F7-4668-BE54-9A1E7A4F7556}") = "Common", "Common\Common.csproj", "{D943E9D2-4F49-4BE4-89A4-5103100AA71A}"
EndProject
Project("{9A19103F-16F7-4668-BE54-9A1E7A4F7556}") = "Entity", "Entity\Entity.csproj", "{DBDE7C60-5AA6-478E-BCED-A45D048664E7}"
EndProject
Project("{9A19103F-16F7-4668-BE54-9A1E7A4F7556}") = "IBLL", "IBLL\IBLL.csproj", "{271E92F2-51B3-436E-8423-21D8AD0A24BC}"
EndProject
Project("{9A19103F-16F7-4668-BE54-9A1E7A4F7556}") = "BLL", "BLL\BLL.csproj", "{B0F97E8F-4EB9-444E-AF0B-02CE6B82CA35}"
EndProject
Project("{2150E333-8FDC-42A3-9474-1A3956D46DE8}") = "4.BLL", "4.BLL", "{AB3A118F-1505-4E9A-9E7F-2E3856587CF5}"
EndProject
Project("{9A19103F-16F7-4668-BE54-9A1E7A4F7556}") = "UIControl", "UIControl\UIControl.csproj", "{B0208DB8-EDE4-4344-8B31-6C8F17DD2BBD}"
EndProject
Project("{FAE04EC0-301F-11D3-BF4B-00C04F79EFBC}") = "CommunicationComponent", "CommunicationComponent\CommunicationComponent.csproj", "{B8B48F93-DD5F-4335-A9DF-A8EBBC5EFA0C}"
EndProject
Global
	GlobalSection(SolutionConfigurationPlatforms) = preSolution
		Debug|Any CPU = Debug|Any CPU
		Release|Any CPU = Release|Any CPU
	EndGlobalSection
	GlobalSection(ProjectConfigurationPlatforms) = postSolution
		{35BB3A82-BE16-4033-800F-59C6819A388A}.Debug|Any CPU.ActiveCfg = Debug|Any CPU
		{35BB3A82-BE16-4033-800F-59C6819A388A}.Debug|Any CPU.Build.0 = Debug|Any CPU
		{35BB3A82-BE16-4033-800F-59C6819A388A}.Release|Any CPU.ActiveCfg = Release|Any CPU
		{35BB3A82-BE16-4033-800F-59C6819A388A}.Release|Any CPU.Build.0 = Release|Any CPU
		{199784F4-5B10-44E1-A7EF-48B92B58D5FB}.Debug|Any CPU.ActiveCfg = Debug|Any CPU
		{199784F4-5B10-44E1-A7EF-48B92B58D5FB}.Debug|Any CPU.Build.0 = Debug|Any CPU
		{199784F4-5B10-44E1-A7EF-48B92B58D5FB}.Release|Any CPU.ActiveCfg = Release|Any CPU
		{199784F4-5B10-44E1-A7EF-48B92B58D5FB}.Release|Any CPU.Build.0 = Release|Any CPU
		{C4B98CDE-654E-425C-ACCA-077CDFCEB4CF}.Debug|Any CPU.ActiveCfg = Debug|Any CPU
		{C4B98CDE-654E-425C-ACCA-077CDFCEB4CF}.Debug|Any CPU.Build.0 = Debug|Any CPU
		{C4B98CDE-654E-425C-ACCA-077CDFCEB4CF}.Release|Any CPU.ActiveCfg = Release|Any CPU
		{C4B98CDE-654E-425C-ACCA-077CDFCEB4CF}.Release|Any CPU.Build.0 = Release|Any CPU
		{78D5902A-31AB-4C6C-B0F9-FBE305DEA2AC}.Debug|Any CPU.ActiveCfg = Debug|Any CPU
		{78D5902A-31AB-4C6C-B0F9-FBE305DEA2AC}.Debug|Any CPU.Build.0 = Debug|Any CPU
		{78D5902A-31AB-4C6C-B0F9-FBE305DEA2AC}.Release|Any CPU.ActiveCfg = Release|Any CPU
		{78D5902A-31AB-4C6C-B0F9-FBE305DEA2AC}.Release|Any CPU.Build.0 = Release|Any CPU
		{1AE6BBA2-AAEE-40AE-9D70-FD206A410909}.Debug|Any CPU.ActiveCfg = Debug|Any CPU
		{1AE6BBA2-AAEE-40AE-9D70-FD206A410909}.Debug|Any CPU.Build.0 = Debug|Any CPU
		{1AE6BBA2-AAEE-40AE-9D70-FD206A410909}.Release|Any CPU.ActiveCfg = Release|Any CPU
		{1AE6BBA2-AAEE-40AE-9D70-FD206A410909}.Release|Any CPU.Build.0 = Release|Any CPU
		{2397552F-2CA7-49C4-84D6-39AC56A4BF3D}.Debug|Any CPU.ActiveCfg = Debug|Any CPU
		{2397552F-2CA7-49C4-84D6-39AC56A4BF3D}.Debug|Any CPU.Build.0 = Debug|Any CPU
		{2397552F-2CA7-49C4-84D6-39AC56A4BF3D}.Release|Any CPU.ActiveCfg = Release|Any CPU
		{2397552F-2CA7-49C4-84D6-39AC56A4BF3D}.Release|Any CPU.Build.0 = Release|Any CPU
		{57FC5F02-67AB-4DC7-AAC8-C2FDEB47D84E}.Debug|Any CPU.ActiveCfg = Debug|Any CPU
		{57FC5F02-67AB-4DC7-AAC8-C2FDEB47D84E}.Debug|Any CPU.Build.0 = Debug|Any CPU
		{57FC5F02-67AB-4DC7-AAC8-C2FDEB47D84E}.Release|Any CPU.ActiveCfg = Release|Any CPU
		{57FC5F02-67AB-4DC7-AAC8-C2FDEB47D84E}.Release|Any CPU.Build.0 = Release|Any CPU
		{D943E9D2-4F49-4BE4-89A4-5103100AA71A}.Debug|Any CPU.ActiveCfg = Debug|Any CPU
		{D943E9D2-4F49-4BE4-89A4-5103100AA71A}.Debug|Any CPU.Build.0 = Debug|Any CPU
		{D943E9D2-4F49-4BE4-89A4-5103100AA71A}.Release|Any CPU.ActiveCfg = Release|Any CPU
		{D943E9D2-4F49-4BE4-89A4-5103100AA71A}.Release|Any CPU.Build.0 = Release|Any CPU
		{DBDE7C60-5AA6-478E-BCED-A45D048664E7}.Debug|Any CPU.ActiveCfg = Debug|Any CPU
		{DBDE7C60-5AA6-478E-BCED-A45D048664E7}.Debug|Any CPU.Build.0 = Debug|Any CPU
		{DBDE7C60-5AA6-478E-BCED-A45D048664E7}.Release|Any CPU.ActiveCfg = Release|Any CPU
		{DBDE7C60-5AA6-478E-BCED-A45D048664E7}.Release|Any CPU.Build.0 = Release|Any CPU
		{271E92F2-51B3-436E-8423-21D8AD0A24BC}.Debug|Any CPU.ActiveCfg = Debug|Any CPU
		{271E92F2-51B3-436E-8423-21D8AD0A24BC}.Debug|Any CPU.Build.0 = Debug|Any CPU
		{271E92F2-51B3-436E-8423-21D8AD0A24BC}.Release|Any CPU.ActiveCfg = Release|Any CPU
		{271E92F2-51B3-436E-8423-21D8AD0A24BC}.Release|Any CPU.Build.0 = Release|Any CPU
		{B0F97E8F-4EB9-444E-AF0B-02CE6B82CA35}.Debug|Any CPU.ActiveCfg = Debug|Any CPU
		{B0F97E8F-4EB9-444E-AF0B-02CE6B82CA35}.Debug|Any CPU.Build.0 = Debug|Any CPU
		{B0F97E8F-4EB9-444E-AF0B-02CE6B82CA35}.Release|Any CPU.ActiveCfg = Release|Any CPU
		{B0F97E8F-4EB9-444E-AF0B-02CE6B82CA35}.Release|Any CPU.Build.0 = Release|Any CPU
		{B0208DB8-EDE4-4344-8B31-6C8F17DD2BBD}.Debug|Any CPU.ActiveCfg = Debug|Any CPU
		{B0208DB8-EDE4-4344-8B31-6C8F17DD2BBD}.Debug|Any CPU.Build.0 = Debug|Any CPU
		{B0208DB8-EDE4-4344-8B31-6C8F17DD2BBD}.Release|Any CPU.ActiveCfg = Release|Any CPU
		{B0208DB8-EDE4-4344-8B31-6C8F17DD2BBD}.Release|Any CPU.Build.0 = Release|Any CPU
		{B8B48F93-DD5F-4335-A9DF-A8EBBC5EFA0C}.Debug|Any CPU.ActiveCfg = Debug|Any CPU
		{B8B48F93-DD5F-4335-A9DF-A8EBBC5EFA0C}.Debug|Any CPU.Build.0 = Debug|Any CPU
		{B8B48F93-DD5F-4335-A9DF-A8EBBC5EFA0C}.Release|Any CPU.ActiveCfg = Release|Any CPU
		{B8B48F93-DD5F-4335-A9DF-A8EBBC5EFA0C}.Release|Any CPU.Build.0 = Release|Any CPU
	EndGlobalSection
	GlobalSection(SolutionProperties) = preSolution
		HideSolutionNode = FALSE
	EndGlobalSection
	GlobalSection(NestedProjects) = preSolution
		{199784F4-5B10-44E1-A7EF-48B92B58D5FB} = {1B5C5F8A-5555-40D9-A92E-4CC334686647}
		{78D5902A-31AB-4C6C-B0F9-FBE305DEA2AC} = {87E82D3B-EC52-43A8-89E8-2DBAC055B35A}
		{2397552F-2CA7-49C4-84D6-39AC56A4BF3D} = {E6050CF3-02DD-4C13-B6EB-EAED89DCBBC1}
		{57FC5F02-67AB-4DC7-AAC8-C2FDEB47D84E} = {E6050CF3-02DD-4C13-B6EB-EAED89DCBBC1}
		{271E92F2-51B3-436E-8423-21D8AD0A24BC} = {AB3A118F-1505-4E9A-9E7F-2E3856587CF5}
		{B0F97E8F-4EB9-444E-AF0B-02CE6B82CA35} = {AB3A118F-1505-4E9A-9E7F-2E3856587CF5}
	EndGlobalSection
	GlobalSection(ExtensibilityGlobals) = postSolution
		SolutionGuid = {1A0C4B3D-DF92-4118-AA6B-FA243DBA96AB}
	EndGlobalSection
EndGlobal
