
Microsoft Visual Studio Solution File, Format Version 12.00
# Visual Studio Version 17
VisualStudioVersion = 17.6.33712.159
MinimumVisualStudioVersion = 10.0.40219.1
Project("{2150E333-8FDC-42A3-9474-1A3956D46DE8}") = "2.DAL", "2.DAL", "{63C4B825-3A9F-4F10-8334-884CAAF64B35}"
EndProject
Project("{9A19103F-16F7-4668-BE54-9A1E7A4F7556}") = "MVVM_Web", "MVVM_Web\MVVM_Web.csproj", "{93DBCBF9-C230-4B25-A240-7890D3CD728B}"
EndProject
Project("{9A19103F-16F7-4668-BE54-9A1E7A4F7556}") = "EfCoreTest", "EfCore\EfCoreTest.csproj", "{4622BD22-7019-4898-8F32-B5D760142D72}"
EndProject
Project("{FAE04EC0-301F-11D3-BF4B-00C04F79EFBC}") = "DAL", "DAL\DAL.csproj", "{20FDAA0A-0EBE-454B-94C8-1DA8A0CBD00B}"
EndProject
Project("{FAE04EC0-301F-11D3-BF4B-00C04F79EFBC}") = "IDAL", "IDAL\IDAL.csproj", "{B997B563-A3F8-46D1-9744-44A1176F4146}"
EndProject
Project("{FAE04EC0-301F-11D3-BF4B-00C04F79EFBC}") = "EFCore", "Server.EFCore\EFCore.csproj", "{13AE930C-A4D7-44CD-BB64-84E305447FC1}"
EndProject
Project("{2150E333-8FDC-42A3-9474-1A3956D46DE8}") = "3.Server", "3.Server", "{047E9F82-B9F0-455C-B370-6FAE366D3154}"
EndProject
Project("{FAE04EC0-301F-11D3-BF4B-00C04F79EFBC}") = "IServer", "IServer\IServer.csproj", "{FB2AD6E2-6B4C-4E5C-B2E4-49701F65952B}"
EndProject
Project("{FAE04EC0-301F-11D3-BF4B-00C04F79EFBC}") = "Server", "Server\Server.csproj", "{7A499B97-6186-4DF7-AABD-63CBB8184746}"
EndProject
Project("{9A19103F-16F7-4668-BE54-9A1E7A4F7556}") = "Models", "Models\Models.csproj", "{C6FA4306-F0FA-49BC-AEF2-D9571D8F54E2}"
EndProject
Global
	GlobalSection(SolutionConfigurationPlatforms) = preSolution
		Debug|Any CPU = Debug|Any CPU
		Release|Any CPU = Release|Any CPU
	EndGlobalSection
	GlobalSection(ProjectConfigurationPlatforms) = postSolution
		{93DBCBF9-C230-4B25-A240-7890D3CD728B}.Debug|Any CPU.ActiveCfg = Debug|Any CPU
		{93DBCBF9-C230-4B25-A240-7890D3CD728B}.Debug|Any CPU.Build.0 = Debug|Any CPU
		{93DBCBF9-C230-4B25-A240-7890D3CD728B}.Release|Any CPU.ActiveCfg = Release|Any CPU
		{93DBCBF9-C230-4B25-A240-7890D3CD728B}.Release|Any CPU.Build.0 = Release|Any CPU
		{4622BD22-7019-4898-8F32-B5D760142D72}.Debug|Any CPU.ActiveCfg = Debug|Any CPU
		{4622BD22-7019-4898-8F32-B5D760142D72}.Debug|Any CPU.Build.0 = Debug|Any CPU
		{4622BD22-7019-4898-8F32-B5D760142D72}.Release|Any CPU.ActiveCfg = Release|Any CPU
		{4622BD22-7019-4898-8F32-B5D760142D72}.Release|Any CPU.Build.0 = Release|Any CPU
		{20FDAA0A-0EBE-454B-94C8-1DA8A0CBD00B}.Debug|Any CPU.ActiveCfg = Debug|Any CPU
		{20FDAA0A-0EBE-454B-94C8-1DA8A0CBD00B}.Debug|Any CPU.Build.0 = Debug|Any CPU
		{20FDAA0A-0EBE-454B-94C8-1DA8A0CBD00B}.Release|Any CPU.ActiveCfg = Release|Any CPU
		{20FDAA0A-0EBE-454B-94C8-1DA8A0CBD00B}.Release|Any CPU.Build.0 = Release|Any CPU
		{B997B563-A3F8-46D1-9744-44A1176F4146}.Debug|Any CPU.ActiveCfg = Debug|Any CPU
		{B997B563-A3F8-46D1-9744-44A1176F4146}.Debug|Any CPU.Build.0 = Debug|Any CPU
		{B997B563-A3F8-46D1-9744-44A1176F4146}.Release|Any CPU.ActiveCfg = Release|Any CPU
		{B997B563-A3F8-46D1-9744-44A1176F4146}.Release|Any CPU.Build.0 = Release|Any CPU
		{13AE930C-A4D7-44CD-BB64-84E305447FC1}.Debug|Any CPU.ActiveCfg = Debug|Any CPU
		{13AE930C-A4D7-44CD-BB64-84E305447FC1}.Debug|Any CPU.Build.0 = Debug|Any CPU
		{13AE930C-A4D7-44CD-BB64-84E305447FC1}.Release|Any CPU.ActiveCfg = Release|Any CPU
		{13AE930C-A4D7-44CD-BB64-84E305447FC1}.Release|Any CPU.Build.0 = Release|Any CPU
		{FB2AD6E2-6B4C-4E5C-B2E4-49701F65952B}.Debug|Any CPU.ActiveCfg = Debug|Any CPU
		{FB2AD6E2-6B4C-4E5C-B2E4-49701F65952B}.Debug|Any CPU.Build.0 = Debug|Any CPU
		{FB2AD6E2-6B4C-4E5C-B2E4-49701F65952B}.Release|Any CPU.ActiveCfg = Release|Any CPU
		{FB2AD6E2-6B4C-4E5C-B2E4-49701F65952B}.Release|Any CPU.Build.0 = Release|Any CPU
		{7A499B97-6186-4DF7-AABD-63CBB8184746}.Debug|Any CPU.ActiveCfg = Debug|Any CPU
		{7A499B97-6186-4DF7-AABD-63CBB8184746}.Debug|Any CPU.Build.0 = Debug|Any CPU
		{7A499B97-6186-4DF7-AABD-63CBB8184746}.Release|Any CPU.ActiveCfg = Release|Any CPU
		{7A499B97-6186-4DF7-AABD-63CBB8184746}.Release|Any CPU.Build.0 = Release|Any CPU
		{C6FA4306-F0FA-49BC-AEF2-D9571D8F54E2}.Debug|Any CPU.ActiveCfg = Debug|Any CPU
		{C6FA4306-F0FA-49BC-AEF2-D9571D8F54E2}.Debug|Any CPU.Build.0 = Debug|Any CPU
		{C6FA4306-F0FA-49BC-AEF2-D9571D8F54E2}.Release|Any CPU.ActiveCfg = Release|Any CPU
		{C6FA4306-F0FA-49BC-AEF2-D9571D8F54E2}.Release|Any CPU.Build.0 = Release|Any CPU
	EndGlobalSection
	GlobalSection(SolutionProperties) = preSolution
		HideSolutionNode = FALSE
	EndGlobalSection
	GlobalSection(NestedProjects) = preSolution
		{20FDAA0A-0EBE-454B-94C8-1DA8A0CBD00B} = {63C4B825-3A9F-4F10-8334-884CAAF64B35}
		{B997B563-A3F8-46D1-9744-44A1176F4146} = {63C4B825-3A9F-4F10-8334-884CAAF64B35}
		{13AE930C-A4D7-44CD-BB64-84E305447FC1} = {63C4B825-3A9F-4F10-8334-884CAAF64B35}
		{FB2AD6E2-6B4C-4E5C-B2E4-49701F65952B} = {047E9F82-B9F0-455C-B370-6FAE366D3154}
		{7A499B97-6186-4DF7-AABD-63CBB8184746} = {047E9F82-B9F0-455C-B370-6FAE366D3154}
		{C6FA4306-F0FA-49BC-AEF2-D9571D8F54E2} = {047E9F82-B9F0-455C-B370-6FAE366D3154}
	EndGlobalSection
	GlobalSection(ExtensibilityGlobals) = postSolution
		SolutionGuid = {FB93CE6F-1D31-40C1-B6A5-9C493040FF43}
	EndGlobalSection
EndGlobal
